{
  "name": "redstonetools",
  "version": "1.0.0",
  "lockfileVersion": 3,
  "requires": true,
  "packages": {
    "": {
      "name": "redstonetools",
      "version": "1.0.0",
      "license": "ISC",
      "devDependencies": {
        "@minecraft/debug-utilities": "^1.0.0-beta.1.21.130-stable",
        "@minecraft/server": "^2.4.0-beta.1.21.120-stable",
        "@minecraft/server-ui": "^2.1.0-beta.1.21.120-stable"
      }
    },
    "node_modules/@minecraft/common": {
      "version": "1.2.0",
      "resolved": "https://registry.npmjs.org/@minecraft/common/-/common-1.2.0.tgz",
      "integrity": "sha512-JdmEq4P3Z/FtoBzhLijFgMSVFnFRrUoLwY8DHHrgtFo0mfLTOLTB1RErYjLMsA6b7BGVNxkX/pfFRiH7QZ0XwQ==",
      "dev": true,
      "license": "MIT",
      "peer": true
    },
    "node_modules/@minecraft/debug-utilities": {
      "version": "1.0.0-beta.1.21.130-stable",
      "resolved": "https://registry.npmjs.org/@minecraft/debug-utilities/-/debug-utilities-1.0.0-beta.1.21.130-stable.tgz",
      "integrity": "sha512-aC05JTxvMed0O/4A+hgmXsgt5gy6a0iKGRb01gUbW/QJcGpSneZFS8DUC2iP+kTl8DKp7RCrj8YFDlpO/2E/WQ==",
      "dev": true,
      "license": "MIT",
      "peerDependencies": {
        "@minecraft/common": "^1.0.0",
        "@minecraft/server": "^1.17.0 || ^2.0.0"
      }
    },
    "node_modules/@minecraft/server": {
      "version": "2.4.0",
      "resolved": "https://registry.npmjs.org/@minecraft/server/-/server-2.4.0.tgz",
      "integrity": "sha512-xd9dOWQ4RhPQBCt2aui9tp/GCnjvXpi6ZHVxaUr0SPDHfh/GkMRWnyf2Ud6D3pEThp/0giOEtHY1sx2HN9Qd+A==",
      "dev": true,
      "license": "MIT",
      "peerDependencies": {
        "@minecraft/common": "^1.2.0",
        "@minecraft/vanilla-data": ">=1.20.70"
      }
    },
    "node_modules/@minecraft/server-ui": {
      "version": "2.1.0-beta.1.21.120-stable",
      "resolved": "https://registry.npmjs.org/@minecraft/server-ui/-/server-ui-2.1.0-beta.1.21.120-stable.tgz",
      "integrity": "sha512-DGSNr1Zm8yz0K20nQnHmtujyhHosat3H/szVrCeQQitV4q6bqQh8Rf5gnQoGqY9pEcfeJJKsl/H65h5UNxr7mA==",
      "dev": true,
      "license": "MIT",
      "peerDependencies": {
        "@minecraft/common": "^1.0.0",
        "@minecraft/server": "^2.0.0 || ^2.4.0-beta.1.21.120-stable"
      }
    },
    "node_modules/@minecraft/vanilla-data": {
      "version": "1.21.111",
      "resolved": "https://registry.npmjs.org/@minecraft/vanilla-data/-/vanilla-data-1.21.111.tgz",
      "integrity": "sha512-g8FL41gddAp5KWuJ0nbJPgCkxtGZtHYQ9XnxdQGumxlSpAuz2xAnV0zvieXuqHk20Ta6N3j9JD35Wkf4Iy0pZg==",
      "dev": true,
      "license": "MIT",
      "peer": true
    }
  }
}
